
Microsoft Visual Studio Solution File, Format Version 12.00
# Visual Studio Version 17
VisualStudioVersion = 17.0.31903.59
MinimumVisualStudioVersion = 10.0.40219.1
Project("{FAE04EC0-301F-11D3-BF4B-00C04F79EFBC}") = "in254", "in254.csproj", "{13D37A2D-1545-49E0-8B79-1510024CB58A}"
EndProject
Project("{FAE04EC0-301F-11D3-BF4B-00C04F79EFBC}") = "Modding", "..\AxiomPlayground\src\Modding\Modding.csproj", "{B387A66F-73A8-4B4A-BA17-9B99EAE4A989}"
EndProject
Project("{FAE04EC0-301F-11D3-BF4B-00C04F79EFBC}") = "Localization", "..\AxiomPlayground\src\Localization\Localization.csproj", "{F88F388E-6EDB-49FB-B34E-4CED97DC4763}"
EndProject
Project("{FAE04EC0-301F-11D3-BF4B-00C04F79EFBC}") = "Scripting", "..\AxiomPlayground\src\Scripting\Scripting.csproj", "{A201EE0D-6CDA-424D-BA01-2691B91B3C26}"
EndProject
Project("{FAE04EC0-301F-11D3-BF4B-00C04F79EFBC}") = "Data", "..\AxiomPlayground\src\Data\Data.csproj", "{A378150C-4E19-41B0-82AC-D29C14ED3FED}"
EndProject
Global
	GlobalSection(SolutionConfigurationPlatforms) = preSolution
		Dev|Any CPU = Dev|Any CPU
		Dev|x64 = Dev|x64
		Dev|x86 = Dev|x86
		Release|Any CPU = Release|Any CPU
		Release|x64 = Release|x64
		Release|x86 = Release|x86
		Debug|Any CPU = Debug|Any CPU
		Debug|x64 = Debug|x64
		Debug|x86 = Debug|x86
	EndGlobalSection
	GlobalSection(ProjectConfigurationPlatforms) = postSolution
		{13D37A2D-1545-49E0-8B79-1510024CB58A}.Dev|Any CPU.ActiveCfg = Dev|Any CPU
		{13D37A2D-1545-49E0-8B79-1510024CB58A}.Dev|Any CPU.Build.0 = Dev|Any CPU
		{13D37A2D-1545-49E0-8B79-1510024CB58A}.Dev|x64.ActiveCfg = Dev|Any CPU
		{13D37A2D-1545-49E0-8B79-1510024CB58A}.Dev|x64.Build.0 = Dev|Any CPU
		{13D37A2D-1545-49E0-8B79-1510024CB58A}.Dev|x86.ActiveCfg = Dev|Any CPU
		{13D37A2D-1545-49E0-8B79-1510024CB58A}.Dev|x86.Build.0 = Dev|Any CPU
		{13D37A2D-1545-49E0-8B79-1510024CB58A}.Release|Any CPU.ActiveCfg = Release|Any CPU
		{13D37A2D-1545-49E0-8B79-1510024CB58A}.Release|Any CPU.Build.0 = Release|Any CPU
		{13D37A2D-1545-49E0-8B79-1510024CB58A}.Release|x64.ActiveCfg = Release|Any CPU
		{13D37A2D-1545-49E0-8B79-1510024CB58A}.Release|x64.Build.0 = Release|Any CPU
		{13D37A2D-1545-49E0-8B79-1510024CB58A}.Release|x86.ActiveCfg = Release|Any CPU
		{13D37A2D-1545-49E0-8B79-1510024CB58A}.Release|x86.Build.0 = Release|Any CPU
		{13D37A2D-1545-49E0-8B79-1510024CB58A}.Debug|Any CPU.ActiveCfg = Debug|Any CPU
		{13D37A2D-1545-49E0-8B79-1510024CB58A}.Debug|Any CPU.Build.0 = Debug|Any CPU
		{13D37A2D-1545-49E0-8B79-1510024CB58A}.Debug|x64.ActiveCfg = Debug|Any CPU
		{13D37A2D-1545-49E0-8B79-1510024CB58A}.Debug|x64.Build.0 = Debug|Any CPU
		{13D37A2D-1545-49E0-8B79-1510024CB58A}.Debug|x86.ActiveCfg = Debug|Any CPU
		{13D37A2D-1545-49E0-8B79-1510024CB58A}.Debug|x86.Build.0 = Debug|Any CPU
		{B387A66F-73A8-4B4A-BA17-9B99EAE4A989}.Dev|Any CPU.ActiveCfg = Dev|Any CPU
		{B387A66F-73A8-4B4A-BA17-9B99EAE4A989}.Dev|Any CPU.Build.0 = Dev|Any CPU
		{B387A66F-73A8-4B4A-BA17-9B99EAE4A989}.Dev|x64.ActiveCfg = Dev|Any CPU
		{B387A66F-73A8-4B4A-BA17-9B99EAE4A989}.Dev|x64.Build.0 = Dev|Any CPU
		{B387A66F-73A8-4B4A-BA17-9B99EAE4A989}.Dev|x86.ActiveCfg = Dev|Any CPU
		{B387A66F-73A8-4B4A-BA17-9B99EAE4A989}.Dev|x86.Build.0 = Dev|Any CPU
		{B387A66F-73A8-4B4A-BA17-9B99EAE4A989}.Release|Any CPU.ActiveCfg = Release|Any CPU
		{B387A66F-73A8-4B4A-BA17-9B99EAE4A989}.Release|Any CPU.Build.0 = Release|Any CPU
		{B387A66F-73A8-4B4A-BA17-9B99EAE4A989}.Release|x64.ActiveCfg = Release|Any CPU
		{B387A66F-73A8-4B4A-BA17-9B99EAE4A989}.Release|x64.Build.0 = Release|Any CPU
		{B387A66F-73A8-4B4A-BA17-9B99EAE4A989}.Release|x86.ActiveCfg = Release|Any CPU
		{B387A66F-73A8-4B4A-BA17-9B99EAE4A989}.Release|x86.Build.0 = Release|Any CPU
		{B387A66F-73A8-4B4A-BA17-9B99EAE4A989}.Debug|Any CPU.ActiveCfg = Debug|Any CPU
		{B387A66F-73A8-4B4A-BA17-9B99EAE4A989}.Debug|Any CPU.Build.0 = Debug|Any CPU
		{B387A66F-73A8-4B4A-BA17-9B99EAE4A989}.Debug|x64.ActiveCfg = Debug|Any CPU
		{B387A66F-73A8-4B4A-BA17-9B99EAE4A989}.Debug|x64.Build.0 = Debug|Any CPU
		{B387A66F-73A8-4B4A-BA17-9B99EAE4A989}.Debug|x86.ActiveCfg = Debug|Any CPU
		{B387A66F-73A8-4B4A-BA17-9B99EAE4A989}.Debug|x86.Build.0 = Debug|Any CPU
		{F88F388E-6EDB-49FB-B34E-4CED97DC4763}.Dev|Any CPU.ActiveCfg = Debug|Any CPU
		{F88F388E-6EDB-49FB-B34E-4CED97DC4763}.Dev|Any CPU.Build.0 = Debug|Any CPU
		{F88F388E-6EDB-49FB-B34E-4CED97DC4763}.Dev|x64.ActiveCfg = Debug|Any CPU
		{F88F388E-6EDB-49FB-B34E-4CED97DC4763}.Dev|x64.Build.0 = Debug|Any CPU
		{F88F388E-6EDB-49FB-B34E-4CED97DC4763}.Dev|x86.ActiveCfg = Debug|Any CPU
		{F88F388E-6EDB-49FB-B34E-4CED97DC4763}.Dev|x86.Build.0 = Debug|Any CPU
		{F88F388E-6EDB-49FB-B34E-4CED97DC4763}.Release|Any CPU.ActiveCfg = Release|Any CPU
		{F88F388E-6EDB-49FB-B34E-4CED97DC4763}.Release|Any CPU.Build.0 = Release|Any CPU
		{F88F388E-6EDB-49FB-B34E-4CED97DC4763}.Release|x64.ActiveCfg = Release|Any CPU
		{F88F388E-6EDB-49FB-B34E-4CED97DC4763}.Release|x64.Build.0 = Release|Any CPU
		{F88F388E-6EDB-49FB-B34E-4CED97DC4763}.Release|x86.ActiveCfg = Release|Any CPU
		{F88F388E-6EDB-49FB-B34E-4CED97DC4763}.Release|x86.Build.0 = Release|Any CPU
		{F88F388E-6EDB-49FB-B34E-4CED97DC4763}.Debug|Any CPU.ActiveCfg = Debug|Any CPU
		{F88F388E-6EDB-49FB-B34E-4CED97DC4763}.Debug|Any CPU.Build.0 = Debug|Any CPU
		{F88F388E-6EDB-49FB-B34E-4CED97DC4763}.Debug|x64.ActiveCfg = Debug|Any CPU
		{F88F388E-6EDB-49FB-B34E-4CED97DC4763}.Debug|x64.Build.0 = Debug|Any CPU
		{F88F388E-6EDB-49FB-B34E-4CED97DC4763}.Debug|x86.ActiveCfg = Debug|Any CPU
		{F88F388E-6EDB-49FB-B34E-4CED97DC4763}.Debug|x86.Build.0 = Debug|Any CPU
		{A201EE0D-6CDA-424D-BA01-2691B91B3C26}.Dev|Any CPU.ActiveCfg = Debug|Any CPU
		{A201EE0D-6CDA-424D-BA01-2691B91B3C26}.Dev|Any CPU.Build.0 = Debug|Any CPU
		{A201EE0D-6CDA-424D-BA01-2691B91B3C26}.Dev|x64.ActiveCfg = Debug|Any CPU
		{A201EE0D-6CDA-424D-BA01-2691B91B3C26}.Dev|x64.Build.0 = Debug|Any CPU
		{A201EE0D-6CDA-424D-BA01-2691B91B3C26}.Dev|x86.ActiveCfg = Debug|Any CPU
		{A201EE0D-6CDA-424D-BA01-2691B91B3C26}.Dev|x86.Build.0 = Debug|Any CPU
		{A201EE0D-6CDA-424D-BA01-2691B91B3C26}.Release|Any CPU.ActiveCfg = Release|Any CPU
		{A201EE0D-6CDA-424D-BA01-2691B91B3C26}.Release|Any CPU.Build.0 = Release|Any CPU
		{A201EE0D-6CDA-424D-BA01-2691B91B3C26}.Release|x64.ActiveCfg = Release|Any CPU
		{A201EE0D-6CDA-424D-BA01-2691B91B3C26}.Release|x64.Build.0 = Release|Any CPU
		{A201EE0D-6CDA-424D-BA01-2691B91B3C26}.Release|x86.ActiveCfg = Release|Any CPU
		{A201EE0D-6CDA-424D-BA01-2691B91B3C26}.Release|x86.Build.0 = Release|Any CPU
		{A201EE0D-6CDA-424D-BA01-2691B91B3C26}.Debug|Any CPU.ActiveCfg = Debug|Any CPU
		{A201EE0D-6CDA-424D-BA01-2691B91B3C26}.Debug|Any CPU.Build.0 = Debug|Any CPU
		{A201EE0D-6CDA-424D-BA01-2691B91B3C26}.Debug|x64.ActiveCfg = Debug|Any CPU
		{A201EE0D-6CDA-424D-BA01-2691B91B3C26}.Debug|x64.Build.0 = Debug|Any CPU
		{A201EE0D-6CDA-424D-BA01-2691B91B3C26}.Debug|x86.ActiveCfg = Debug|Any CPU
		{A201EE0D-6CDA-424D-BA01-2691B91B3C26}.Debug|x86.Build.0 = Debug|Any CPU
		{A378150C-4E19-41B0-82AC-D29C14ED3FED}.Dev|Any CPU.ActiveCfg = Debug|Any CPU
		{A378150C-4E19-41B0-82AC-D29C14ED3FED}.Dev|Any CPU.Build.0 = Debug|Any CPU
		{A378150C-4E19-41B0-82AC-D29C14ED3FED}.Dev|x64.ActiveCfg = Debug|Any CPU
		{A378150C-4E19-41B0-82AC-D29C14ED3FED}.Dev|x64.Build.0 = Debug|Any CPU
		{A378150C-4E19-41B0-82AC-D29C14ED3FED}.Dev|x86.ActiveCfg = Debug|Any CPU
		{A378150C-4E19-41B0-82AC-D29C14ED3FED}.Dev|x86.Build.0 = Debug|Any CPU
		{A378150C-4E19-41B0-82AC-D29C14ED3FED}.Release|Any CPU.ActiveCfg = Release|Any CPU
		{A378150C-4E19-41B0-82AC-D29C14ED3FED}.Release|Any CPU.Build.0 = Release|Any CPU
		{A378150C-4E19-41B0-82AC-D29C14ED3FED}.Release|x64.ActiveCfg = Release|Any CPU
		{A378150C-4E19-41B0-82AC-D29C14ED3FED}.Release|x64.Build.0 = Release|Any CPU
		{A378150C-4E19-41B0-82AC-D29C14ED3FED}.Release|x86.ActiveCfg = Release|Any CPU
		{A378150C-4E19-41B0-82AC-D29C14ED3FED}.Release|x86.Build.0 = Release|Any CPU
		{A378150C-4E19-41B0-82AC-D29C14ED3FED}.Debug|Any CPU.ActiveCfg = Debug|Any CPU
		{A378150C-4E19-41B0-82AC-D29C14ED3FED}.Debug|Any CPU.Build.0 = Debug|Any CPU
		{A378150C-4E19-41B0-82AC-D29C14ED3FED}.Debug|x64.ActiveCfg = Debug|Any CPU
		{A378150C-4E19-41B0-82AC-D29C14ED3FED}.Debug|x64.Build.0 = Debug|Any CPU
		{A378150C-4E19-41B0-82AC-D29C14ED3FED}.Debug|x86.ActiveCfg = Debug|Any CPU
		{A378150C-4E19-41B0-82AC-D29C14ED3FED}.Debug|x86.Build.0 = Debug|Any CPU
	EndGlobalSection
	GlobalSection(SolutionProperties) = preSolution
		HideSolutionNode = FALSE
	EndGlobalSection
EndGlobal
